
Microsoft Visual Studio Solution File, Format Version 12.00
# Visual Studio Version 16
VisualStudioVersion = 16.0.30225.117
MinimumVisualStudioVersion = 10.0.40219.1
Project("{FAE04EC0-301F-11D3-BF4B-00C04F79EFBC}") = "DBConnectedCURD", "DBConnectedCURD.csproj", "{A489ACE9-9A29-43AD-A7F1-E1DA1AA41CDE}"
EndProject
Global
	GlobalSection(SolutionConfigurationPlatforms) = preSolution
		Debug|Any CPU = Debug|Any CPU
		Release|Any CPU = Release|Any CPU
	EndGlobalSection
	GlobalSection(ProjectConfigurationPlatforms) = postSolution
		{A489ACE9-9A29-43AD-A7F1-E1DA1AA41CDE}.Debug|Any CPU.ActiveCfg = Debug|Any CPU
		{A489ACE9-9A29-43AD-A7F1-E1DA1AA41CDE}.Debug|Any CPU.Build.0 = Debug|Any CPU
		{A489ACE9-9A29-43AD-A7F1-E1DA1AA41CDE}.Release|Any CPU.ActiveCfg = Release|Any CPU
		{A489ACE9-9A29-43AD-A7F1-E1DA1AA41CDE}.Release|Any CPU.Build.0 = Release|Any CPU
	EndGlobalSection
	GlobalSection(SolutionProperties) = preSolution
		HideSolutionNode = FALSE
	EndGlobalSection
	GlobalSection(ExtensibilityGlobals) = postSolution
		SolutionGuid = {BD974DDE-3F81-42B2-AFD9-E04216E8B74B}
	EndGlobalSection
EndGlobal
